
Microsoft Visual Studio Solution File, Format Version 12.00
# Visual Studio Version 17
VisualStudioVersion = 17.14.36804.6
MinimumVisualStudioVersion = 10.0.40219.1
Project("{FAE04EC0-301F-11D3-BF4B-00C04F79EFBC}") = "DevOpsPlatform.Api", "DevOpsPlatform.Api\DevOpsPlatform.Api.csproj", "{434C7E77-C02D-492A-B825-71B01C801B2C}"
EndProject
Project("{FAE04EC0-301F-11D3-BF4B-00C04F79EFBC}") = "DevOpsPlatform.Application", "DevOpsPlatform.Application\DevOpsPlatform.Application.csproj", "{974F7266-6CEE-4E87-9492-8FB12E4B01F2}"
EndProject
Project("{FAE04EC0-301F-11D3-BF4B-00C04F79EFBC}") = "DevOpsPlatform.Domain", "DevOpsPlatform.Domain\DevOpsPlatform.Domain.csproj", "{FAAA79C8-D3BA-4FEF-BFC6-A6745BD21444}"
EndProject
Project("{FAE04EC0-301F-11D3-BF4B-00C04F79EFBC}") = "DevOpsPlatform.Infrastructure", "DevOpsPlatform.Infrastructure\DevOpsPlatform.Infrastructure.csproj", "{A7BCFA71-761E-48B5-84EC-3140F67BD359}"
EndProject
Project("{2150E333-8FDC-42A3-9474-1A3956D46DE8}") = "Solution Items", "Solution Items", "{8EC462FD-D22E-90A8-E5CE-7E832BA40C5D}"
	ProjectSection(SolutionItems) = preProject
		docker-compose.yml = docker-compose.yml
		Dockerfile = Dockerfile
		Jenkinsfile = Jenkinsfile
	EndProjectSection
EndProject
Global
	GlobalSection(SolutionConfigurationPlatforms) = preSolution
		Debug|Any CPU = Debug|Any CPU
		Release|Any CPU = Release|Any CPU
	EndGlobalSection
	GlobalSection(ProjectConfigurationPlatforms) = postSolution
		{434C7E77-C02D-492A-B825-71B01C801B2C}.Debug|Any CPU.ActiveCfg = Debug|Any CPU
		{434C7E77-C02D-492A-B825-71B01C801B2C}.Debug|Any CPU.Build.0 = Debug|Any CPU
		{434C7E77-C02D-492A-B825-71B01C801B2C}.Release|Any CPU.ActiveCfg = Release|Any CPU
		{434C7E77-C02D-492A-B825-71B01C801B2C}.Release|Any CPU.Build.0 = Release|Any CPU
		{974F7266-6CEE-4E87-9492-8FB12E4B01F2}.Debug|Any CPU.ActiveCfg = Debug|Any CPU
		{974F7266-6CEE-4E87-9492-8FB12E4B01F2}.Debug|Any CPU.Build.0 = Debug|Any CPU
		{974F7266-6CEE-4E87-9492-8FB12E4B01F2}.Release|Any CPU.ActiveCfg = Release|Any CPU
		{974F7266-6CEE-4E87-9492-8FB12E4B01F2}.Release|Any CPU.Build.0 = Release|Any CPU
		{FAAA79C8-D3BA-4FEF-BFC6-A6745BD21444}.Debug|Any CPU.ActiveCfg = Debug|Any CPU
		{FAAA79C8-D3BA-4FEF-BFC6-A6745BD21444}.Debug|Any CPU.Build.0 = Debug|Any CPU
		{FAAA79C8-D3BA-4FEF-BFC6-A6745BD21444}.Release|Any CPU.ActiveCfg = Release|Any CPU
		{FAAA79C8-D3BA-4FEF-BFC6-A6745BD21444}.Release|Any CPU.Build.0 = Release|Any CPU
		{A7BCFA71-761E-48B5-84EC-3140F67BD359}.Debug|Any CPU.ActiveCfg = Debug|Any CPU
		{A7BCFA71-761E-48B5-84EC-3140F67BD359}.Debug|Any CPU.Build.0 = Debug|Any CPU
		{A7BCFA71-761E-48B5-84EC-3140F67BD359}.Release|Any CPU.ActiveCfg = Release|Any CPU
		{A7BCFA71-761E-48B5-84EC-3140F67BD359}.Release|Any CPU.Build.0 = Release|Any CPU
	EndGlobalSection
	GlobalSection(SolutionProperties) = preSolution
		HideSolutionNode = FALSE
	EndGlobalSection
	GlobalSection(ExtensibilityGlobals) = postSolution
		SolutionGuid = {6786FE53-C1C3-4988-93A8-FFB6C429FC0F}
	EndGlobalSection
EndGlobal
